
Microsoft Visual Studio Solution File, Format Version 11.00
# Visual Studio 2010
Project("{FAE04EC0-301F-11D3-BF4B-00C04F79EFBC}") = "SimplNumb", "SimplNumb\SimplNumb.csproj", "{50913F02-7F01-4E43-BD05-AE7FD5A2DCA1}"
EndProject
Global
	GlobalSection(SolutionConfigurationPlatforms) = preSolution
		Debug|Any CPU = Debug|Any CPU
		Release|Any CPU = Release|Any CPU
	EndGlobalSection
	GlobalSection(ProjectConfigurationPlatforms) = postSolution
		{50913F02-7F01-4E43-BD05-AE7FD5A2DCA1}.Debug|Any CPU.ActiveCfg = Debug|Any CPU
		{50913F02-7F01-4E43-BD05-AE7FD5A2DCA1}.Debug|Any CPU.Build.0 = Debug|Any CPU
		{50913F02-7F01-4E43-BD05-AE7FD5A2DCA1}.Release|Any CPU.ActiveCfg = Release|Any CPU
		{50913F02-7F01-4E43-BD05-AE7FD5A2DCA1}.Release|Any CPU.Build.0 = Release|Any CPU
	EndGlobalSection
	GlobalSection(SolutionProperties) = preSolution
		HideSolutionNode = FALSE
	EndGlobalSection
EndGlobal
